
Microsoft Visual Studio Solution File, Format Version 12.00
# Visual Studio 15
VisualStudioVersion = 15.0.27428.2011
MinimumVisualStudioVersion = 10.0.40219.1
Project("{FAE04EC0-301F-11D3-BF4B-00C04F79EFBC}") = "igpayatlinay", "igpayatlinay\igpayatlinay.csproj", "{62CD59AE-3FD9-4302-B1D6-0068A98DCD29}"
EndProject
Global
	GlobalSection(SolutionConfigurationPlatforms) = preSolution
		Debug|Any CPU = Debug|Any CPU
		Release|Any CPU = Release|Any CPU
	EndGlobalSection
	GlobalSection(ProjectConfigurationPlatforms) = postSolution
		{62CD59AE-3FD9-4302-B1D6-0068A98DCD29}.Debug|Any CPU.ActiveCfg = Debug|Any CPU
		{62CD59AE-3FD9-4302-B1D6-0068A98DCD29}.Debug|Any CPU.Build.0 = Debug|Any CPU
		{62CD59AE-3FD9-4302-B1D6-0068A98DCD29}.Release|Any CPU.ActiveCfg = Release|Any CPU
		{62CD59AE-3FD9-4302-B1D6-0068A98DCD29}.Release|Any CPU.Build.0 = Release|Any CPU
	EndGlobalSection
	GlobalSection(SolutionProperties) = preSolution
		HideSolutionNode = FALSE
	EndGlobalSection
	GlobalSection(ExtensibilityGlobals) = postSolution
		SolutionGuid = {6C062366-CCA6-454C-BE23-DD22729D1144}
	EndGlobalSection
EndGlobal
